<?xml version="1.0" encoding="utf-8"?>
<Project ToolsVersion="4.0" xmlns="http://schemas.microsoft.com/developer/msbuild/2003">
  <ItemGroup>
    <Filter Include="Hook">
      <UniqueIdentifier>{43bf5680-6294-4347-8006-2bbf6f48ff4e}</UniqueIdentifier>
    </Filter>
    <Filter Include="InfAmmo Function">
      <UniqueIdentifier>{ec872466-d37c-4f18-97e1-1c043bc3b3c6}</UniqueIdentifier>
    </Filter>
    <Filter Include="MAIN HACK FUNCTION">
      <UniqueIdentifier>{c2b1f023-faf8-4c00-bffd-e5f21b7bfd19}</UniqueIdentifier>
    </Filter>
    <Filter Include="Offsets">
      <UniqueIdentifier>{fff230d4-0d79-4646-bb47-9bb9cb98420d}</UniqueIdentifier>
    </Filter>
    <Filter Include="Main DLL">
      <UniqueIdentifier>{4FC737F1-C7A5-4376-A066-2A32D752A2FF}</UniqueIdentifier>
      <Extensions>cpp;c;cc;cxx;c++;cppm;ixx;def;odl;idl;hpj;bat;asm;asmx</Extensions>
    </Filter>
    <Filter Include="Setup Function">
      <UniqueIdentifier>{483b3019-e522-4720-af59-36ec7c2d9586}</UniqueIdentifier>
    </Filter>
    <Filter Include="PCH">
      <UniqueIdentifier>{0db013d3-b009-4073-8ad3-622d651d074a}</UniqueIdentifier>
    </Filter>
  </ItemGroup>
  <ItemGroup>
    <ClCompile Include="src\Hooks.cpp">
      <Filter>Hook</Filter>
    </ClCompile>
    <ClCompile Include="src\MainHackLoop.cpp">
      <Filter>MAIN HACK FUNCTION</Filter>
    </ClCompile>
    <ClCompile Include="src\setupHooksAndNops.cpp">
      <Filter>Setup Function</Filter>
    </ClCompile>
    <ClCompile Include="src\pch.cpp">
      <Filter>PCH</Filter>
    </ClCompile>
    <ClCompile Include="src\Main.cpp">
      <Filter>Main DLL</Filter>
    </ClCompile>
    <ClCompile Include="src\GetsAndInputs.cpp">
      <Filter>Setup Function</Filter>
    </ClCompile>
  </ItemGroup>
  <ItemGroup>
    <ClInclude Include="include\Hooks.h">
      <Filter>Hook</Filter>
    </ClInclude>
    <ClInclude Include="include\MainHackLoop.h">
      <Filter>MAIN HACK FUNCTION</Filter>
    </ClInclude>
    <ClInclude Include="include\PlayerInfo.h">
      <Filter>Offsets</Filter>
    </ClInclude>
    <ClInclude Include="include\setupHooksAndNops.h">
      <Filter>Setup Function</Filter>
    </ClInclude>
    <ClInclude Include="include\pch.h">
      <Filter>PCH</Filter>
    </ClInclude>
    <ClInclude Include="include\framework.h">
      <Filter>PCH</Filter>
    </ClInclude>
    <ClInclude Include="include\GetsAndInputs.h">
      <Filter>Setup Function</Filter>
    </ClInclude>
  </ItemGroup>
</Project>